// !$*UTF8*$!
{
	archiveVersion = 1;
	classes = {
	};
	objectVersion = 50;
	objects = {

/* Begin PBXBuildFile section */
		12C561D126E4C1C300193897 /* AppDelegate.swift in Sources */ = {isa = PBXBuildFile; fileRef = 12C561D026E4C1C300193897 /* AppDelegate.swift */; };
		12C561D326E4C1C300193897 /* SceneDelegate.swift in Sources */ = {isa = PBXBuildFile; fileRef = 12C561D226E4C1C300193897 /* SceneDelegate.swift */; };
		12C561D526E4C1C300193897 /* ViewController.swift in Sources */ = {isa = PBXBuildFile; fileRef = 12C561D426E4C1C300193897 /* ViewController.swift */; };
		12C561D826E4C1C300193897 /* Main.storyboard in Resources */ = {isa = PBXBuildFile; fileRef = 12C561D626E4C1C300193897 /* Main.storyboard */; };
		12C561DA26E4C1C500193897 /* Assets.xcassets in Resources */ = {isa = PBXBuildFile; fileRef = 12C561D926E4C1C500193897 /* Assets.xcassets */; };
		12C561DD26E4C1C500193897 /* LaunchScreen.storyboard in Resources */ = {isa = PBXBuildFile; fileRef = 12C561DB26E4C1C500193897 /* LaunchScreen.storyboard */; };
		12C561EB26E4C60E00193897 /* Media.xcassets in Resources */ = {isa = PBXBuildFile; fileRef = 12C561EA26E4C60E00193897 /* Media.xcassets */; };
		12C561ED26E4C60E00193897 /* ActionViewController.swift in Sources */ = {isa = PBXBuildFile; fileRef = 12C561EC26E4C60E00193897 /* ActionViewController.swift */; };
		12C561F026E4C60E00193897 /* MainInterface.storyboard in Resources */ = {isa = PBXBuildFile; fileRef = 12C561EE26E4C60E00193897 /* MainInterface.storyboard */; };
		12C561F426E4C60E00193897 /* Extension.appex in Embed App Extensions */ = {isa = PBXBuildFile; fileRef = 12C561E826E4C60E00193897 /* Extension.appex */; settings = {ATTRIBUTES = (RemoveHeadersOnCopy, ); }; };
		12C561FA26E4CBA600193897 /* Action.js in Resources */ = {isa = PBXBuildFile; fileRef = 12C561F926E4CBA600193897 /* Action.js */; };
/* End PBXBuildFile section */

/* Begin PBXContainerItemProxy section */
		12C561F226E4C60E00193897 /* PBXContainerItemProxy */ = {
			isa = PBXContainerItemProxy;
			containerPortal = 12C561C526E4C1C200193897 /* Project object */;
			proxyType = 1;
			remoteGlobalIDString = 12C561E726E4C60E00193897;
			remoteInfo = Extension;
		};
/* End PBXContainerItemProxy section */

/* Begin PBXCopyFilesBuildPhase section */
		12C561F826E4C60E00193897 /* Embed App Extensions */ = {
			isa = PBXCopyFilesBuildPhase;
			buildActionMask = 2147483647;
			dstPath = "";
			dstSubfolderSpec = 13;
			files = (
				12C561F426E4C60E00193897 /* Extension.appex in Embed App Extensions */,
			);
			name = "Embed App Extensions";
			runOnlyForDeploymentPostprocessing = 0;
		};
/* End PBXCopyFilesBuildPhase section */

/* Begin PBXFileReference section */
		12C561CD26E4C1C300193897 /* Project19.app */ = {isa = PBXFileReference; explicitFileType = wrapper.application; includeInIndex = 0; path = Project19.app; sourceTree = BUILT_PRODUCTS_DIR; };
		12C561D026E4C1C300193897 /* AppDelegate.swift */ = {isa = PBXFileReference; lastKnownFileType = sourcecode.swift; path = AppDelegate.swift; sourceTree = "<group>"; };
		12C561D226E4C1C300193897 /* SceneDelegate.swift */ = {isa = PBXFileReference; lastKnownFileType = sourcecode.swift; path = SceneDelegate.swift; sourceTree = "<group>"; };
		12C561D426E4C1C300193897 /* ViewController.swift */ = {isa = PBXFileReference; lastKnownFileType = sourcecode.swift; path = ViewController.swift; sourceTree = "<group>"; };
		12C561D726E4C1C300193897 /* Base */ = {isa = PBXFileReference; lastKnownFileType = file.storyboard; name = Base; path = Base.lproj/Main.storyboard; sourceTree = "<group>"; };
		12C561D926E4C1C500193897 /* Assets.xcassets */ = {isa = PBXFileReference; lastKnownFileType = folder.assetcatalog; path = Assets.xcassets; sourceTree = "<group>"; };
		12C561DC26E4C1C500193897 /* Base */ = {isa = PBXFileReference; lastKnownFileType = file.storyboard; name = Base; path = Base.lproj/LaunchScreen.storyboard; sourceTree = "<group>"; };
		12C561DE26E4C1C500193897 /* Info.plist */ = {isa = PBXFileReference; lastKnownFileType = text.plist.xml; path = Info.plist; sourceTree = "<group>"; };
		12C561E826E4C60E00193897 /* Extension.appex */ = {isa = PBXFileReference; explicitFileType = "wrapper.app-extension"; includeInIndex = 0; path = Extension.appex; sourceTree = BUILT_PRODUCTS_DIR; };
		12C561EA26E4C60E00193897 /* Media.xcassets */ = {isa = PBXFileReference; lastKnownFileType = folder.assetcatalog; path = Media.xcassets; sourceTree = "<group>"; };
		12C561EC26E4C60E00193897 /* ActionViewController.swift */ = {isa = PBXFileReference; lastKnownFileType = sourcecode.swift; path = ActionViewController.swift; sourceTree = "<group>"; };
		12C561EF26E4C60E00193897 /* Base */ = {isa = PBXFileReference; lastKnownFileType = file.storyboard; name = Base; path = Base.lproj/MainInterface.storyboard; sourceTree = "<group>"; };
		12C561F126E4C60E00193897 /* Info.plist */ = {isa = PBXFileReference; lastKnownFileType = text.plist.xml; path = Info.plist; sourceTree = "<group>"; };
		12C561F926E4CBA600193897 /* Action.js */ = {isa = PBXFileReference; lastKnownFileType = sourcecode.javascript; path = Action.js; sourceTree = "<group>"; };
		12C561FB26E4E54C00193897 /* Project19.entitlements */ = {isa = PBXFileReference; lastKnownFileType = text.plist.entitlements; path = Project19.entitlements; sourceTree = "<group>"; };
		12C561FC26E4E58F00193897 /* Extension.entitlements */ = {isa = PBXFileReference; lastKnownFileType = text.plist.entitlements; path = Extension.entitlements; sourceTree = "<group>"; };
		12C561FD26E527BE00193897 /* README.md */ = {isa = PBXFileReference; lastKnownFileType = net.daringfireball.markdown; path = README.md; sourceTree = "<group>"; };
/* End PBXFileReference section */

/* Begin PBXFrameworksBuildPhase section */
		12C561CA26E4C1C300193897 /* Frameworks */ = {
			isa = PBXFrameworksBuildPhase;
			buildActionMask = 2147483647;
			files = (
			);
			runOnlyForDeploymentPostprocessing = 0;
		};
		12C561E526E4C60E00193897 /* Frameworks */ = {
			isa = PBXFrameworksBuildPhase;
			buildActionMask = 2147483647;
			files = (
			);
			runOnlyForDeploymentPostprocessing = 0;
		};
/* End PBXFrameworksBuildPhase section */

/* Begin PBXGroup section */
		12C561C426E4C1C200193897 = {
			isa = PBXGroup;
			children = (
				12C561FD26E527BE00193897 /* README.md */,
				12C561CF26E4C1C300193897 /* Project19 */,
				12C561E926E4C60E00193897 /* Extension */,
				12C561CE26E4C1C300193897 /* Products */,
			);
			sourceTree = "<group>";
		};
		12C561CE26E4C1C300193897 /* Products */ = {
			isa = PBXGroup;
			children = (
				12C561CD26E4C1C300193897 /* Project19.app */,
				12C561E826E4C60E00193897 /* Extension.appex */,
			);
			name = Products;
			sourceTree = "<group>";
		};
		12C561CF26E4C1C300193897 /* Project19 */ = {
			isa = PBXGroup;
			children = (
				12C561FB26E4E54C00193897 /* Project19.entitlements */,
				12C561D026E4C1C300193897 /* AppDelegate.swift */,
				12C561D226E4C1C300193897 /* SceneDelegate.swift */,
				12C561D426E4C1C300193897 /* ViewController.swift */,
				12C561D626E4C1C300193897 /* Main.storyboard */,
				12C561D926E4C1C500193897 /* Assets.xcassets */,
				12C561DB26E4C1C500193897 /* LaunchScreen.storyboard */,
				12C561DE26E4C1C500193897 /* Info.plist */,
			);
			path = Project19;
			sourceTree = "<group>";
		};
		12C561E926E4C60E00193897 /* Extension */ = {
			isa = PBXGroup;
			children = (
				12C561FC26E4E58F00193897 /* Extension.entitlements */,
				12C561EA26E4C60E00193897 /* Media.xcassets */,
				12C561EC26E4C60E00193897 /* ActionViewController.swift */,
				12C561EE26E4C60E00193897 /* MainInterface.storyboard */,
				12C561F126E4C60E00193897 /* Info.plist */,
				12C561F926E4CBA600193897 /* Action.js */,
			);
			path = Extension;
			sourceTree = "<group>";
		};
/* End PBXGroup section */

/* Begin PBXNativeTarget section */
		12C561CC26E4C1C300193897 /* Project19 */ = {
			isa = PBXNativeTarget;
			buildConfigurationList = 12C561E126E4C1C500193897 /* Build configuration list for PBXNativeTarget "Project19" */;
			buildPhases = (
				12C561C926E4C1C300193897 /* Sources */,
				12C561CA26E4C1C300193897 /* Frameworks */,
				12C561CB26E4C1C300193897 /* Resources */,
				12C561F826E4C60E00193897 /* Embed App Extensions */,
			);
			buildRules = (
			);
			dependencies = (
				12C561F326E4C60E00193897 /* PBXTargetDependency */,
			);
			name = Project19;
			productName = Project19;
			productReference = 12C561CD26E4C1C300193897 /* Project19.app */;
			productType = "com.apple.product-type.application";
		};
		12C561E726E4C60E00193897 /* Extension */ = {
			isa = PBXNativeTarget;
			buildConfigurationList = 12C561F526E4C60E00193897 /* Build configuration list for PBXNativeTarget "Extension" */;
			buildPhases = (
				12C561E426E4C60E00193897 /* Sources */,
				12C561E526E4C60E00193897 /* Frameworks */,
				12C561E626E4C60E00193897 /* Resources */,
			);
			buildRules = (
			);
			dependencies = (
			);
			name = Extension;
			productName = Extension;
			productReference = 12C561E826E4C60E00193897 /* Extension.appex */;
			productType = "com.apple.product-type.app-extension";
		};
/* End PBXNativeTarget section */

/* Begin PBXProject section */
		12C561C526E4C1C200193897 /* Project object */ = {
			isa = PBXProject;
			attributes = {
				LastSwiftUpdateCheck = 1250;
				LastUpgradeCheck = 1250;
				TargetAttributes = {
					12C561CC26E4C1C300193897 = {
						CreatedOnToolsVersion = 12.5.1;
					};
					12C561E726E4C60E00193897 = {
						CreatedOnToolsVersion = 12.5.1;
					};
				};
			};
			buildConfigurationList = 12C561C826E4C1C200193897 /* Build configuration list for PBXProject "Project19" */;
			compatibilityVersion = "Xcode 9.3";
			developmentRegion = en;
			hasScannedForEncodings = 0;
			knownRegions = (
				en,
				Base,
			);
			mainGroup = 12C561C426E4C1C200193897;
			productRefGroup = 12C561CE26E4C1C300193897 /* Products */;
			projectDirPath = "";
			projectRoot = "";
			targets = (
				12C561CC26E4C1C300193897 /* Project19 */,
				12C561E726E4C60E00193897 /* Extension */,
			);
		};
/* End PBXProject section */

/* Begin PBXResourcesBuildPhase section */
		12C561CB26E4C1C300193897 /* Resources */ = {
			isa = PBXResourcesBuildPhase;
			buildActionMask = 2147483647;
			files = (
				12C561DD26E4C1C500193897 /* LaunchScreen.storyboard in Resources */,
				12C561DA26E4C1C500193897 /* Assets.xcassets in Resources */,
				12C561D826E4C1C300193897 /* Main.storyboard in Resources */,
			);
			runOnlyForDeploymentPostprocessing = 0;
		};
		12C561E626E4C60E00193897 /* Resources */ = {
			isa = PBXResourcesBuildPhase;
			buildActionMask = 2147483647;
			files = (
				12C561FA26E4CBA600193897 /* Action.js in Resources */,
				12C561EB26E4C60E00193897 /* Media.xcassets in Resources */,
				12C561F026E4C60E00193897 /* MainInterface.storyboard in Resources */,
			);
			runOnlyForDeploymentPostprocessing = 0;
		};
/* End PBXResourcesBuildPhase section */

/* Begin PBXSourcesBuildPhase section */
		12C561C926E4C1C300193897 /* Sources */ = {
			isa = PBXSourcesBuildPhase;
			buildActionMask = 2147483647;
			files = (
				12C561D526E4C1C300193897 /* ViewController.swift in Sources */,
				12C561D126E4C1C300193897 /* AppDelegate.swift in Sources */,
				12C561D326E4C1C300193897 /* SceneDelegate.swift in Sources */,
			);
			runOnlyForDeploymentPostprocessing = 0;
		};
		12C561E426E4C60E00193897 /* Sources */ = {
			isa = PBXSourcesBuildPhase;
			buildActionMask = 2147483647;
			files = (
				12C561ED26E4C60E00193897 /* ActionViewController.swift in Sources */,
			);
			runOnlyForDeploymentPostprocessing = 0;
		};
/* End PBXSourcesBuildPhase section */

/* Begin PBXTargetDependency section */
		12C561F326E4C60E00193897 /* PBXTargetDependency */ = {
			isa = PBXTargetDependency;
			target = 12C561E726E4C60E00193897 /* Extension */;
			targetProxy = 12C561F226E4C60E00193897 /* PBXContainerItemProxy */;
		};
/* End PBXTargetDependency section */

/* Begin PBXVariantGroup section */
		12C561D626E4C1C300193897 /* Main.storyboard */ = {
			isa = PBXVariantGroup;
			children = (
				12C561D726E4C1C300193897 /* Base */,
			);
			name = Main.storyboard;
			sourceTree = "<group>";
		};
		12C561DB26E4C1C500193897 /* LaunchScreen.storyboard */ = {
			isa = PBXVariantGroup;
			children = (
				12C561DC26E4C1C500193897 /* Base */,
			);
			name = LaunchScreen.storyboard;
			sourceTree = "<group>";
		};
		12C561EE26E4C60E00193897 /* MainInterface.storyboard */ = {
			isa = PBXVariantGroup;
			children = (
				12C561EF26E4C60E00193897 /* Base */,
			);
			name = MainInterface.storyboard;
			sourceTree = "<group>";
		};
/* End PBXVariantGroup section */

/* Begin XCBuildConfiguration section */
		12C561DF26E4C1C500193897 /* Debug */ = {
			isa = XCBuildConfiguration;
			buildSettings = {
				ALWAYS_SEARCH_USER_PATHS = NO;
				CLANG_ANALYZER_NONNULL = YES;
				CLANG_ANALYZER_NUMBER_OBJECT_CONVERSION = YES_AGGRESSIVE;
				CLANG_CXX_LANGUAGE_STANDARD = "gnu++14";
				CLANG_CXX_LIBRARY = "libc++";
				CLANG_ENABLE_MODULES = YES;
				CLANG_ENABLE_OBJC_ARC = YES;
				CLANG_ENABLE_OBJC_WEAK = YES;
				CLANG_WARN_BLOCK_CAPTURE_AUTORELEASING = YES;
				CLANG_WARN_BOOL_CONVERSION = YES;
				CLANG_WARN_COMMA = YES;
				CLANG_WARN_CONSTANT_CONVERSION = YES;
				CLANG_WARN_DEPRECATED_OBJC_IMPLEMENTATIONS = YES;
				CLANG_WARN_DIRECT_OBJC_ISA_USAGE = YES_ERROR;
				CLANG_WARN_DOCUMENTATION_COMMENTS = YES;
				CLANG_WARN_EMPTY_BODY = YES;
				CLANG_WARN_ENUM_CONVERSION = YES;
				CLANG_WARN_INFINITE_RECURSION = YES;
				CLANG_WARN_INT_CONVERSION = YES;
				CLANG_WARN_NON_LITERAL_NULL_CONVERSION = YES;
				CLANG_WARN_OBJC_IMPLICIT_RETAIN_SELF = YES;
				CLANG_WARN_OBJC_LITERAL_CONVERSION = YES;
				CLANG_WARN_OBJC_ROOT_CLASS = YES_ERROR;
				CLANG_WARN_QUOTED_INCLUDE_IN_FRAMEWORK_HEADER = YES;
				CLANG_WARN_RANGE_LOOP_ANALYSIS = YES;
				CLANG_WARN_STRICT_PROTOTYPES = YES;
				CLANG_WARN_SUSPICIOUS_MOVE = YES;
				CLANG_WARN_UNGUARDED_AVAILABILITY = YES_AGGRESSIVE;
				CLANG_WARN_UNREACHABLE_CODE = YES;
				CLANG_WARN__DUPLICATE_METHOD_MATCH = YES;
				COPY_PHASE_STRIP = NO;
				DEBUG_INFORMATION_FORMAT = dwarf;
				ENABLE_STRICT_OBJC_MSGSEND = YES;
				ENABLE_TESTABILITY = YES;
				GCC_C_LANGUAGE_STANDARD = gnu11;
				GCC_DYNAMIC_NO_PIC = NO;
				GCC_NO_COMMON_BLOCKS = YES;
				GCC_OPTIMIZATION_LEVEL = 0;
				GCC_PREPROCESSOR_DEFINITIONS = (
					"DEBUG=1",
					"$(inherited)",
				);
				GCC_WARN_64_TO_32_BIT_CONVERSION = YES;
				GCC_WARN_ABOUT_RETURN_TYPE = YES_ERROR;
				GCC_WARN_UNDECLARED_SELECTOR = YES;
				GCC_WARN_UNINITIALIZED_AUTOS = YES_AGGRESSIVE;
				GCC_WARN_UNUSED_FUNCTION = YES;
				GCC_WARN_UNUSED_VARIABLE = YES;
				IPHONEOS_DEPLOYMENT_TARGET = 14.5;
				MTL_ENABLE_DEBUG_INFO = INCLUDE_SOURCE;
				MTL_FAST_MATH = YES;
				ONLY_ACTIVE_ARCH = YES;
				SDKROOT = iphoneos;
				SWIFT_ACTIVE_COMPILATION_CONDITIONS = DEBUG;
				SWIFT_OPTIMIZATION_LEVEL = "-Onone";
			};
			name = Debug;
		};
		12C561E026E4C1C500193897 /* Release */ = {
			isa = XCBuildConfiguration;
			buildSettings = {
				ALWAYS_SEARCH_USER_PATHS = NO;
				CLANG_ANALYZER_NONNULL = YES;
				CLANG_ANALYZER_NUMBER_OBJECT_CONVERSION = YES_AGGRESSIVE;
				CLANG_CXX_LANGUAGE_STANDARD = "gnu++14";
				CLANG_CXX_LIBRARY = "libc++";
				CLANG_ENABLE_MODULES = YES;
				CLANG_ENABLE_OBJC_ARC = YES;
				CLANG_ENABLE_OBJC_WEAK = YES;
				CLANG_WARN_BLOCK_CAPTURE_AUTORELEASING = YES;
				CLANG_WARN_BOOL_CONVERSION = YES;
				CLANG_WARN_COMMA = YES;
				CLANG_WARN_CONSTANT_CONVERSION = YES;
				CLANG_WARN_DEPRECATED_OBJC_IMPLEMENTATIONS = YES;
				CLANG_WARN_DIRECT_OBJC_ISA_USAGE = YES_ERROR;
				CLANG_WARN_DOCUMENTATION_COMMENTS = YES;
				CLANG_WARN_EMPTY_BODY = YES;
				CLANG_WARN_ENUM_CONVERSION = YES;
				CLANG_WARN_INFINITE_RECURSION = YES;
				CLANG_WARN_INT_CONVERSION = YES;
				CLANG_WARN_NON_LITERAL_NULL_CONVERSION = YES;
				CLANG_WARN_OBJC_IMPLICIT_RETAIN_SELF = YES;
				CLANG_WARN_OBJC_LITERAL_CONVERSION = YES;
				CLANG_WARN_OBJC_ROOT_CLASS = YES_ERROR;
				CLANG_WARN_QUOTED_INCLUDE_IN_FRAMEWORK_HEADER = YES;
				CLANG_WARN_RANGE_LOOP_ANALYSIS = YES;
				CLANG_WARN_STRICT_PROTOTYPES = YES;
				CLANG_WARN_SUSPICIOUS_MOVE = YES;
				CLANG_WARN_UNGUARDED_AVAILABILITY = YES_AGGRESSIVE;
				CLANG_WARN_UNREACHABLE_CODE = YES;
				CLANG_WARN__DUPLICATE_METHOD_MATCH = YES;
				COPY_PHASE_STRIP = NO;
				DEBUG_INFORMATION_FORMAT = "dwarf-with-dsym";
				ENABLE_NS_ASSERTIONS = NO;
				ENABLE_STRICT_OBJC_MSGSEND = YES;
				GCC_C_LANGUAGE_STANDARD = gnu11;
				GCC_NO_COMMON_BLOCKS = YES;
				GCC_WARN_64_TO_32_BIT_CONVERSION = YES;
				GCC_WARN_ABOUT_RETURN_TYPE = YES_ERROR;
				GCC_WARN_UNDECLARED_SELECTOR = YES;
				GCC_WARN_UNINITIALIZED_AUTOS = YES_AGGRESSIVE;
				GCC_WARN_UNUSED_FUNCTION = YES;
				GCC_WARN_UNUSED_VARIABLE = YES;
				IPHONEOS_DEPLOYMENT_TARGET = 14.5;
				MTL_ENABLE_DEBUG_INFO = NO;
				MTL_FAST_MATH = YES;
				SDKROOT = iphoneos;
				SWIFT_COMPILATION_MODE = wholemodule;
				SWIFT_OPTIMIZATION_LEVEL = "-O";
				VALIDATE_PRODUCT = YES;
			};
			name = Release;
		};
		12C561E226E4C1C500193897 /* Debug */ = {
			isa = XCBuildConfiguration;
			buildSettings = {
				ALWAYS_EMBED_SWIFT_STANDARD_LIBRARIES = YES;
				ASSETCATALOG_COMPILER_APPICON_NAME = AppIcon;
				ASSETCATALOG_COMPILER_GLOBAL_ACCENT_COLOR_NAME = AccentColor;
				CODE_SIGN_ENTITLEMENTS = Project19/Project19.entitlements;
				CODE_SIGN_STYLE = Automatic;
				DEVELOPMENT_TEAM = 86JX7AKD3F;
				INFOPLIST_FILE = Project19/Info.plist;
				LD_RUNPATH_SEARCH_PATHS = (
					"$(inherited)",
					"@executable_path/Frameworks",
				);
				PRODUCT_BUNDLE_IDENTIFIER = com.lima.Project19;
				PRODUCT_NAME = "$(TARGET_NAME)";
				SWIFT_VERSION = 5.0;
				TARGETED_DEVICE_FAMILY = "1,2";
			};
			name = Debug;
		};
		12C561E326E4C1C500193897 /* Release */ = {
			isa = XCBuildConfiguration;
			buildSettings = {
				ALWAYS_EMBED_SWIFT_STANDARD_LIBRARIES = YES;
				ASSETCATALOG_COMPILER_APPICON_NAME = AppIcon;
				ASSETCATALOG_COMPILER_GLOBAL_ACCENT_COLOR_NAME = AccentColor;
				CODE_SIGN_ENTITLEMENTS = Project19/Project19.entitlements;
				CODE_SIGN_STYLE = Automatic;
				DEVELOPMENT_TEAM = 86JX7AKD3F;
				INFOPLIST_FILE = Project19/Info.plist;
				LD_RUNPATH_SEARCH_PATHS = (
					"$(inherited)",
					"@executable_path/Frameworks",
				);
				PRODUCT_BUNDLE_IDENTIFIER = com.lima.Project19;
				PRODUCT_NAME = "$(TARGET_NAME)";
				SWIFT_VERSION = 5.0;
				TARGETED_DEVICE_FAMILY = "1,2";
			};
			name = Release;
		};
		12C561F626E4C60E00193897 /* Debug */ = {
			isa = XCBuildConfiguration;
			buildSettings = {
				CODE_SIGN_ENTITLEMENTS = Extension/Extension.entitlements;
				CODE_SIGN_STYLE = Automatic;
				DEVELOPMENT_TEAM = 86JX7AKD3F;
				INFOPLIST_FILE = Extension/Info.plist;
				LD_RUNPATH_SEARCH_PATHS = (
					"$(inherited)",
					"@executable_path/Frameworks",
					"@executable_path/../../Frameworks",
				);
				PRODUCT_BUNDLE_IDENTIFIER = com.lima.Project19.Extension;
				PRODUCT_NAME = "$(TARGET_NAME)";
				SKIP_INSTALL = YES;
				SWIFT_VERSION = 5.0;
				TARGETED_DEVICE_FAMILY = "1,2";
			};
			name = Debug;
		};
		12C561F726E4C60E00193897 /* Release */ = {
			isa = XCBuildConfiguration;
			buildSettings = {
				CODE_SIGN_ENTITLEMENTS = Extension/Extension.entitlements;
				CODE_SIGN_STYLE = Automatic;
				DEVELOPMENT_TEAM = 86JX7AKD3F;
				INFOPLIST_FILE = Extension/Info.plist;
				LD_RUNPATH_SEARCH_PATHS = (
					"$(inherited)",
					"@executable_path/Frameworks",
					"@executable_path/../../Frameworks",
				);
				PRODUCT_BUNDLE_IDENTIFIER = com.lima.Project19.Extension;
				PRODUCT_NAME = "$(TARGET_NAME)";
				SKIP_INSTALL = YES;
				SWIFT_VERSION = 5.0;
				TARGETED_DEVICE_FAMILY = "1,2";
			};
			name = Release;
		};
/* End XCBuildConfiguration section */

/* Begin XCConfigurationList section */
		12C561C826E4C1C200193897 /* Build configuration list for PBXProject "Project19" */ = {
			isa = XCConfigurationList;
			buildConfigurations = (
				12C561DF26E4C1C500193897 /* Debug */,
				12C561E026E4C1C500193897 /* Release */,
			);
			defaultConfigurationIsVisible = 0;
			defaultConfigurationName = Release;
		};
		12C561E126E4C1C500193897 /* Build configuration list for PBXNativeTarget "Project19" */ = {
			isa = XCConfigurationList;
			buildConfigurations = (
				12C561E226E4C1C500193897 /* Debug */,
				12C561E326E4C1C500193897 /* Release */,
			);
			defaultConfigurationIsVisible = 0;
			defaultConfigurationName = Release;
		};
		12C561F526E4C60E00193897 /* Build configuration list for PBXNativeTarget "Extension" */ = {
			isa = XCConfigurationList;
			buildConfigurations = (
				12C561F626E4C60E00193897 /* Debug */,
				12C561F726E4C60E00193897 /* Release */,
			);
			defaultConfigurationIsVisible = 0;
			defaultConfigurationName = Release;
		};
/* End XCConfigurationList section */
	};
	rootObject = 12C561C526E4C1C200193897 /* Project object */;
}
