// !$*UTF8*$!
{
	archiveVersion = 1;
	classes = {
	};
	objectVersion = 55;
	objects = {

/* Begin PBXBuildFile section */
		12AE324B270CA65C003D6AF6 /* AppDelegate.swift in Sources */ = {isa = PBXBuildFile; fileRef = 12AE324A270CA65C003D6AF6 /* AppDelegate.swift */; };
		12AE324D270CA65C003D6AF6 /* SceneDelegate.swift in Sources */ = {isa = PBXBuildFile; fileRef = 12AE324C270CA65C003D6AF6 /* SceneDelegate.swift */; };
		12AE324F270CA65C003D6AF6 /* ViewController.swift in Sources */ = {isa = PBXBuildFile; fileRef = 12AE324E270CA65C003D6AF6 /* ViewController.swift */; };
		12AE3252270CA65C003D6AF6 /* Main.storyboard in Resources */ = {isa = PBXBuildFile; fileRef = 12AE3250270CA65C003D6AF6 /* Main.storyboard */; };
		12AE3254270CA65E003D6AF6 /* Assets.xcassets in Resources */ = {isa = PBXBuildFile; fileRef = 12AE3253270CA65E003D6AF6 /* Assets.xcassets */; };
		12AE3257270CA65E003D6AF6 /* LaunchScreen.storyboard in Resources */ = {isa = PBXBuildFile; fileRef = 12AE3255270CA65E003D6AF6 /* LaunchScreen.storyboard */; };
		12AE3260270CB7BC003D6AF6 /* KeychainWrapper.swift in Sources */ = {isa = PBXBuildFile; fileRef = 12AE325E270CB7BC003D6AF6 /* KeychainWrapper.swift */; };
		12AE3261270CB7BC003D6AF6 /* KeychainItemAccessibility.swift in Sources */ = {isa = PBXBuildFile; fileRef = 12AE325F270CB7BC003D6AF6 /* KeychainItemAccessibility.swift */; };
/* End PBXBuildFile section */

/* Begin PBXFileReference section */
		124C0347270F63E80067A172 /* README.md */ = {isa = PBXFileReference; lastKnownFileType = net.daringfireball.markdown; path = README.md; sourceTree = "<group>"; };
		12AE3247270CA65C003D6AF6 /* Project28.app */ = {isa = PBXFileReference; explicitFileType = wrapper.application; includeInIndex = 0; path = Project28.app; sourceTree = BUILT_PRODUCTS_DIR; };
		12AE324A270CA65C003D6AF6 /* AppDelegate.swift */ = {isa = PBXFileReference; lastKnownFileType = sourcecode.swift; path = AppDelegate.swift; sourceTree = "<group>"; };
		12AE324C270CA65C003D6AF6 /* SceneDelegate.swift */ = {isa = PBXFileReference; lastKnownFileType = sourcecode.swift; path = SceneDelegate.swift; sourceTree = "<group>"; };
		12AE324E270CA65C003D6AF6 /* ViewController.swift */ = {isa = PBXFileReference; lastKnownFileType = sourcecode.swift; path = ViewController.swift; sourceTree = "<group>"; };
		12AE3251270CA65C003D6AF6 /* Base */ = {isa = PBXFileReference; lastKnownFileType = file.storyboard; name = Base; path = Base.lproj/Main.storyboard; sourceTree = "<group>"; };
		12AE3253270CA65E003D6AF6 /* Assets.xcassets */ = {isa = PBXFileReference; lastKnownFileType = folder.assetcatalog; path = Assets.xcassets; sourceTree = "<group>"; };
		12AE3256270CA65E003D6AF6 /* Base */ = {isa = PBXFileReference; lastKnownFileType = file.storyboard; name = Base; path = Base.lproj/LaunchScreen.storyboard; sourceTree = "<group>"; };
		12AE3258270CA65E003D6AF6 /* Info.plist */ = {isa = PBXFileReference; lastKnownFileType = text.plist.xml; path = Info.plist; sourceTree = "<group>"; };
		12AE325E270CB7BC003D6AF6 /* KeychainWrapper.swift */ = {isa = PBXFileReference; fileEncoding = 4; lastKnownFileType = sourcecode.swift; path = KeychainWrapper.swift; sourceTree = "<group>"; };
		12AE325F270CB7BC003D6AF6 /* KeychainItemAccessibility.swift */ = {isa = PBXFileReference; fileEncoding = 4; lastKnownFileType = sourcecode.swift; path = KeychainItemAccessibility.swift; sourceTree = "<group>"; };
/* End PBXFileReference section */

/* Begin PBXFrameworksBuildPhase section */
		12AE3244270CA65C003D6AF6 /* Frameworks */ = {
			isa = PBXFrameworksBuildPhase;
			buildActionMask = 2147483647;
			files = (
			);
			runOnlyForDeploymentPostprocessing = 0;
		};
/* End PBXFrameworksBuildPhase section */

/* Begin PBXGroup section */
		12AE323E270CA65C003D6AF6 = {
			isa = PBXGroup;
			children = (
				124C0347270F63E80067A172 /* README.md */,
				12AE3249270CA65C003D6AF6 /* Project28 */,
				12AE3248270CA65C003D6AF6 /* Products */,
			);
			sourceTree = "<group>";
		};
		12AE3248270CA65C003D6AF6 /* Products */ = {
			isa = PBXGroup;
			children = (
				12AE3247270CA65C003D6AF6 /* Project28.app */,
			);
			name = Products;
			sourceTree = "<group>";
		};
		12AE3249270CA65C003D6AF6 /* Project28 */ = {
			isa = PBXGroup;
			children = (
				12AE325F270CB7BC003D6AF6 /* KeychainItemAccessibility.swift */,
				12AE325E270CB7BC003D6AF6 /* KeychainWrapper.swift */,
				12AE324A270CA65C003D6AF6 /* AppDelegate.swift */,
				12AE324C270CA65C003D6AF6 /* SceneDelegate.swift */,
				12AE324E270CA65C003D6AF6 /* ViewController.swift */,
				12AE3250270CA65C003D6AF6 /* Main.storyboard */,
				12AE3253270CA65E003D6AF6 /* Assets.xcassets */,
				12AE3255270CA65E003D6AF6 /* LaunchScreen.storyboard */,
				12AE3258270CA65E003D6AF6 /* Info.plist */,
			);
			path = Project28;
			sourceTree = "<group>";
		};
/* End PBXGroup section */

/* Begin PBXNativeTarget section */
		12AE3246270CA65C003D6AF6 /* Project28 */ = {
			isa = PBXNativeTarget;
			buildConfigurationList = 12AE325B270CA65E003D6AF6 /* Build configuration list for PBXNativeTarget "Project28" */;
			buildPhases = (
				12AE3243270CA65C003D6AF6 /* Sources */,
				12AE3244270CA65C003D6AF6 /* Frameworks */,
				12AE3245270CA65C003D6AF6 /* Resources */,
			);
			buildRules = (
			);
			dependencies = (
			);
			name = Project28;
			productName = Project28;
			productReference = 12AE3247270CA65C003D6AF6 /* Project28.app */;
			productType = "com.apple.product-type.application";
		};
/* End PBXNativeTarget section */

/* Begin PBXProject section */
		12AE323F270CA65C003D6AF6 /* Project object */ = {
			isa = PBXProject;
			attributes = {
				BuildIndependentTargetsInParallel = 1;
				LastSwiftUpdateCheck = 1300;
				LastUpgradeCheck = 1300;
				TargetAttributes = {
					12AE3246270CA65C003D6AF6 = {
						CreatedOnToolsVersion = 13.0;
					};
				};
			};
			buildConfigurationList = 12AE3242270CA65C003D6AF6 /* Build configuration list for PBXProject "Project28" */;
			compatibilityVersion = "Xcode 13.0";
			developmentRegion = en;
			hasScannedForEncodings = 0;
			knownRegions = (
				en,
				Base,
			);
			mainGroup = 12AE323E270CA65C003D6AF6;
			productRefGroup = 12AE3248270CA65C003D6AF6 /* Products */;
			projectDirPath = "";
			projectRoot = "";
			targets = (
				12AE3246270CA65C003D6AF6 /* Project28 */,
			);
		};
/* End PBXProject section */

/* Begin PBXResourcesBuildPhase section */
		12AE3245270CA65C003D6AF6 /* Resources */ = {
			isa = PBXResourcesBuildPhase;
			buildActionMask = 2147483647;
			files = (
				12AE3257270CA65E003D6AF6 /* LaunchScreen.storyboard in Resources */,
				12AE3254270CA65E003D6AF6 /* Assets.xcassets in Resources */,
				12AE3252270CA65C003D6AF6 /* Main.storyboard in Resources */,
			);
			runOnlyForDeploymentPostprocessing = 0;
		};
/* End PBXResourcesBuildPhase section */

/* Begin PBXSourcesBuildPhase section */
		12AE3243270CA65C003D6AF6 /* Sources */ = {
			isa = PBXSourcesBuildPhase;
			buildActionMask = 2147483647;
			files = (
				12AE324F270CA65C003D6AF6 /* ViewController.swift in Sources */,
				12AE3260270CB7BC003D6AF6 /* KeychainWrapper.swift in Sources */,
				12AE324B270CA65C003D6AF6 /* AppDelegate.swift in Sources */,
				12AE3261270CB7BC003D6AF6 /* KeychainItemAccessibility.swift in Sources */,
				12AE324D270CA65C003D6AF6 /* SceneDelegate.swift in Sources */,
			);
			runOnlyForDeploymentPostprocessing = 0;
		};
/* End PBXSourcesBuildPhase section */

/* Begin PBXVariantGroup section */
		12AE3250270CA65C003D6AF6 /* Main.storyboard */ = {
			isa = PBXVariantGroup;
			children = (
				12AE3251270CA65C003D6AF6 /* Base */,
			);
			name = Main.storyboard;
			sourceTree = "<group>";
		};
		12AE3255270CA65E003D6AF6 /* LaunchScreen.storyboard */ = {
			isa = PBXVariantGroup;
			children = (
				12AE3256270CA65E003D6AF6 /* Base */,
			);
			name = LaunchScreen.storyboard;
			sourceTree = "<group>";
		};
/* End PBXVariantGroup section */

/* Begin XCBuildConfiguration section */
		12AE3259270CA65E003D6AF6 /* Debug */ = {
			isa = XCBuildConfiguration;
			buildSettings = {
				ALWAYS_SEARCH_USER_PATHS = NO;
				CLANG_ANALYZER_NONNULL = YES;
				CLANG_ANALYZER_NUMBER_OBJECT_CONVERSION = YES_AGGRESSIVE;
				CLANG_CXX_LANGUAGE_STANDARD = "gnu++17";
				CLANG_CXX_LIBRARY = "libc++";
				CLANG_ENABLE_MODULES = YES;
				CLANG_ENABLE_OBJC_ARC = YES;
				CLANG_ENABLE_OBJC_WEAK = YES;
				CLANG_WARN_BLOCK_CAPTURE_AUTORELEASING = YES;
				CLANG_WARN_BOOL_CONVERSION = YES;
				CLANG_WARN_COMMA = YES;
				CLANG_WARN_CONSTANT_CONVERSION = YES;
				CLANG_WARN_DEPRECATED_OBJC_IMPLEMENTATIONS = YES;
				CLANG_WARN_DIRECT_OBJC_ISA_USAGE = YES_ERROR;
				CLANG_WARN_DOCUMENTATION_COMMENTS = YES;
				CLANG_WARN_EMPTY_BODY = YES;
				CLANG_WARN_ENUM_CONVERSION = YES;
				CLANG_WARN_INFINITE_RECURSION = YES;
				CLANG_WARN_INT_CONVERSION = YES;
				CLANG_WARN_NON_LITERAL_NULL_CONVERSION = YES;
				CLANG_WARN_OBJC_IMPLICIT_RETAIN_SELF = YES;
				CLANG_WARN_OBJC_LITERAL_CONVERSION = YES;
				CLANG_WARN_OBJC_ROOT_CLASS = YES_ERROR;
				CLANG_WARN_QUOTED_INCLUDE_IN_FRAMEWORK_HEADER = YES;
				CLANG_WARN_RANGE_LOOP_ANALYSIS = YES;
				CLANG_WARN_STRICT_PROTOTYPES = YES;
				CLANG_WARN_SUSPICIOUS_MOVE = YES;
				CLANG_WARN_UNGUARDED_AVAILABILITY = YES_AGGRESSIVE;
				CLANG_WARN_UNREACHABLE_CODE = YES;
				CLANG_WARN__DUPLICATE_METHOD_MATCH = YES;
				COPY_PHASE_STRIP = NO;
				DEBUG_INFORMATION_FORMAT = dwarf;
				ENABLE_STRICT_OBJC_MSGSEND = YES;
				ENABLE_TESTABILITY = YES;
				GCC_C_LANGUAGE_STANDARD = gnu11;
				GCC_DYNAMIC_NO_PIC = NO;
				GCC_NO_COMMON_BLOCKS = YES;
				GCC_OPTIMIZATION_LEVEL = 0;
				GCC_PREPROCESSOR_DEFINITIONS = (
					"DEBUG=1",
					"$(inherited)",
				);
				GCC_WARN_64_TO_32_BIT_CONVERSION = YES;
				GCC_WARN_ABOUT_RETURN_TYPE = YES_ERROR;
				GCC_WARN_UNDECLARED_SELECTOR = YES;
				GCC_WARN_UNINITIALIZED_AUTOS = YES_AGGRESSIVE;
				GCC_WARN_UNUSED_FUNCTION = YES;
				GCC_WARN_UNUSED_VARIABLE = YES;
				IPHONEOS_DEPLOYMENT_TARGET = 15.0;
				MTL_ENABLE_DEBUG_INFO = INCLUDE_SOURCE;
				MTL_FAST_MATH = YES;
				ONLY_ACTIVE_ARCH = YES;
				SDKROOT = iphoneos;
				SWIFT_ACTIVE_COMPILATION_CONDITIONS = DEBUG;
				SWIFT_OPTIMIZATION_LEVEL = "-Onone";
			};
			name = Debug;
		};
		12AE325A270CA65E003D6AF6 /* Release */ = {
			isa = XCBuildConfiguration;
			buildSettings = {
				ALWAYS_SEARCH_USER_PATHS = NO;
				CLANG_ANALYZER_NONNULL = YES;
				CLANG_ANALYZER_NUMBER_OBJECT_CONVERSION = YES_AGGRESSIVE;
				CLANG_CXX_LANGUAGE_STANDARD = "gnu++17";
				CLANG_CXX_LIBRARY = "libc++";
				CLANG_ENABLE_MODULES = YES;
				CLANG_ENABLE_OBJC_ARC = YES;
				CLANG_ENABLE_OBJC_WEAK = YES;
				CLANG_WARN_BLOCK_CAPTURE_AUTORELEASING = YES;
				CLANG_WARN_BOOL_CONVERSION = YES;
				CLANG_WARN_COMMA = YES;
				CLANG_WARN_CONSTANT_CONVERSION = YES;
				CLANG_WARN_DEPRECATED_OBJC_IMPLEMENTATIONS = YES;
				CLANG_WARN_DIRECT_OBJC_ISA_USAGE = YES_ERROR;
				CLANG_WARN_DOCUMENTATION_COMMENTS = YES;
				CLANG_WARN_EMPTY_BODY = YES;
				CLANG_WARN_ENUM_CONVERSION = YES;
				CLANG_WARN_INFINITE_RECURSION = YES;
				CLANG_WARN_INT_CONVERSION = YES;
				CLANG_WARN_NON_LITERAL_NULL_CONVERSION = YES;
				CLANG_WARN_OBJC_IMPLICIT_RETAIN_SELF = YES;
				CLANG_WARN_OBJC_LITERAL_CONVERSION = YES;
				CLANG_WARN_OBJC_ROOT_CLASS = YES_ERROR;
				CLANG_WARN_QUOTED_INCLUDE_IN_FRAMEWORK_HEADER = YES;
				CLANG_WARN_RANGE_LOOP_ANALYSIS = YES;
				CLANG_WARN_STRICT_PROTOTYPES = YES;
				CLANG_WARN_SUSPICIOUS_MOVE = YES;
				CLANG_WARN_UNGUARDED_AVAILABILITY = YES_AGGRESSIVE;
				CLANG_WARN_UNREACHABLE_CODE = YES;
				CLANG_WARN__DUPLICATE_METHOD_MATCH = YES;
				COPY_PHASE_STRIP = NO;
				DEBUG_INFORMATION_FORMAT = "dwarf-with-dsym";
				ENABLE_NS_ASSERTIONS = NO;
				ENABLE_STRICT_OBJC_MSGSEND = YES;
				GCC_C_LANGUAGE_STANDARD = gnu11;
				GCC_NO_COMMON_BLOCKS = YES;
				GCC_WARN_64_TO_32_BIT_CONVERSION = YES;
				GCC_WARN_ABOUT_RETURN_TYPE = YES_ERROR;
				GCC_WARN_UNDECLARED_SELECTOR = YES;
				GCC_WARN_UNINITIALIZED_AUTOS = YES_AGGRESSIVE;
				GCC_WARN_UNUSED_FUNCTION = YES;
				GCC_WARN_UNUSED_VARIABLE = YES;
				IPHONEOS_DEPLOYMENT_TARGET = 15.0;
				MTL_ENABLE_DEBUG_INFO = NO;
				MTL_FAST_MATH = YES;
				SDKROOT = iphoneos;
				SWIFT_COMPILATION_MODE = wholemodule;
				SWIFT_OPTIMIZATION_LEVEL = "-O";
				VALIDATE_PRODUCT = YES;
			};
			name = Release;
		};
		12AE325C270CA65E003D6AF6 /* Debug */ = {
			isa = XCBuildConfiguration;
			buildSettings = {
				ASSETCATALOG_COMPILER_APPICON_NAME = AppIcon;
				ASSETCATALOG_COMPILER_GLOBAL_ACCENT_COLOR_NAME = AccentColor;
				CODE_SIGN_STYLE = Automatic;
				CURRENT_PROJECT_VERSION = 1;
				DEVELOPMENT_TEAM = 86JX7AKD3F;
				GENERATE_INFOPLIST_FILE = YES;
				INFOPLIST_FILE = Project28/Info.plist;
				INFOPLIST_KEY_NSFaceIDUsageDescription = "Identify yourself!";
				INFOPLIST_KEY_UIApplicationSupportsIndirectInputEvents = YES;
				INFOPLIST_KEY_UILaunchStoryboardName = LaunchScreen;
				INFOPLIST_KEY_UIMainStoryboardFile = Main;
				INFOPLIST_KEY_UISupportedInterfaceOrientations_iPad = "UIInterfaceOrientationPortrait UIInterfaceOrientationPortraitUpsideDown UIInterfaceOrientationLandscapeLeft UIInterfaceOrientationLandscapeRight";
				INFOPLIST_KEY_UISupportedInterfaceOrientations_iPhone = "UIInterfaceOrientationPortrait UIInterfaceOrientationLandscapeLeft UIInterfaceOrientationLandscapeRight";
				LD_RUNPATH_SEARCH_PATHS = (
					"$(inherited)",
					"@executable_path/Frameworks",
				);
				MARKETING_VERSION = 1.0;
				PRODUCT_BUNDLE_IDENTIFIER = com.lima.Project28;
				PRODUCT_NAME = "$(TARGET_NAME)";
				SWIFT_EMIT_LOC_STRINGS = YES;
				SWIFT_VERSION = 5.0;
				TARGETED_DEVICE_FAMILY = "1,2";
			};
			name = Debug;
		};
		12AE325D270CA65E003D6AF6 /* Release */ = {
			isa = XCBuildConfiguration;
			buildSettings = {
				ASSETCATALOG_COMPILER_APPICON_NAME = AppIcon;
				ASSETCATALOG_COMPILER_GLOBAL_ACCENT_COLOR_NAME = AccentColor;
				CODE_SIGN_STYLE = Automatic;
				CURRENT_PROJECT_VERSION = 1;
				DEVELOPMENT_TEAM = 86JX7AKD3F;
				GENERATE_INFOPLIST_FILE = YES;
				INFOPLIST_FILE = Project28/Info.plist;
				INFOPLIST_KEY_NSFaceIDUsageDescription = "Identify yourself!";
				INFOPLIST_KEY_UIApplicationSupportsIndirectInputEvents = YES;
				INFOPLIST_KEY_UILaunchStoryboardName = LaunchScreen;
				INFOPLIST_KEY_UIMainStoryboardFile = Main;
				INFOPLIST_KEY_UISupportedInterfaceOrientations_iPad = "UIInterfaceOrientationPortrait UIInterfaceOrientationPortraitUpsideDown UIInterfaceOrientationLandscapeLeft UIInterfaceOrientationLandscapeRight";
				INFOPLIST_KEY_UISupportedInterfaceOrientations_iPhone = "UIInterfaceOrientationPortrait UIInterfaceOrientationLandscapeLeft UIInterfaceOrientationLandscapeRight";
				LD_RUNPATH_SEARCH_PATHS = (
					"$(inherited)",
					"@executable_path/Frameworks",
				);
				MARKETING_VERSION = 1.0;
				PRODUCT_BUNDLE_IDENTIFIER = com.lima.Project28;
				PRODUCT_NAME = "$(TARGET_NAME)";
				SWIFT_EMIT_LOC_STRINGS = YES;
				SWIFT_VERSION = 5.0;
				TARGETED_DEVICE_FAMILY = "1,2";
			};
			name = Release;
		};
/* End XCBuildConfiguration section */

/* Begin XCConfigurationList section */
		12AE3242270CA65C003D6AF6 /* Build configuration list for PBXProject "Project28" */ = {
			isa = XCConfigurationList;
			buildConfigurations = (
				12AE3259270CA65E003D6AF6 /* Debug */,
				12AE325A270CA65E003D6AF6 /* Release */,
			);
			defaultConfigurationIsVisible = 0;
			defaultConfigurationName = Release;
		};
		12AE325B270CA65E003D6AF6 /* Build configuration list for PBXNativeTarget "Project28" */ = {
			isa = XCConfigurationList;
			buildConfigurations = (
				12AE325C270CA65E003D6AF6 /* Debug */,
				12AE325D270CA65E003D6AF6 /* Release */,
			);
			defaultConfigurationIsVisible = 0;
			defaultConfigurationName = Release;
		};
/* End XCConfigurationList section */
	};
	rootObject = 12AE323F270CA65C003D6AF6 /* Project object */;
}
